// !$*UTF8*$!
{
	archiveVersion = 1;
	classes = {
	};
	objectVersion = 46;
	objects = {

/* Begin PBXBuildFile section */
		FF6D44081C9AD53E00CC0660 /* GTMOAuth2.h in Headers */ = {isa = PBXBuildFile; fileRef = FF6D44071C9AD53E00CC0660 /* GTMOAuth2.h */; settings = {ATTRIBUTES = (Public, ); }; };
		FF6D440F1C9AD53E00CC0660 /* GTMOAuth2.framework in Frameworks */ = {isa = PBXBuildFile; fileRef = FF6D44041C9AD53E00CC0660 /* GTMOAuth2.framework */; };
		FF6D44141C9AD53E00CC0660 /* GTMOAuth2Tests.m in Sources */ = {isa = PBXBuildFile; fileRef = FF6D44131C9AD53E00CC0660 /* GTMOAuth2Tests.m */; };
		FF6D442F1C9AD8ED00CC0660 /* GTMOAuth2Authentication.h in Headers */ = {isa = PBXBuildFile; fileRef = FF6D44221C9AD8ED00CC0660 /* GTMOAuth2Authentication.h */; settings = {ATTRIBUTES = (Public, ); }; };
		FF6D44301C9AD8ED00CC0660 /* GTMOAuth2Authentication.m in Sources */ = {isa = PBXBuildFile; fileRef = FF6D44231C9AD8ED00CC0660 /* GTMOAuth2Authentication.m */; };
		FF6D44311C9AD8ED00CC0660 /* GTMOAuth2SignIn.h in Headers */ = {isa = PBXBuildFile; fileRef = FF6D44241C9AD8ED00CC0660 /* GTMOAuth2SignIn.h */; settings = {ATTRIBUTES = (Public, ); }; };
		FF6D44321C9AD8ED00CC0660 /* GTMOAuth2SignIn.m in Sources */ = {isa = PBXBuildFile; fileRef = FF6D44251C9AD8ED00CC0660 /* GTMOAuth2SignIn.m */; };
		FF6D44371C9AD8ED00CC0660 /* GTMOAuth2ViewControllerTouch.h in Headers */ = {isa = PBXBuildFile; fileRef = FF6D442C1C9AD8ED00CC0660 /* GTMOAuth2ViewControllerTouch.h */; };
		FF6D44381C9AD8ED00CC0660 /* GTMOAuth2ViewControllerTouch.m in Sources */ = {isa = PBXBuildFile; fileRef = FF6D442D1C9AD8ED00CC0660 /* GTMOAuth2ViewControllerTouch.m */; };
		FF6D44391C9AD8ED00CC0660 /* GTMOAuth2ViewTouch.xib in Resources */ = {isa = PBXBuildFile; fileRef = FF6D442E1C9AD8ED00CC0660 /* GTMOAuth2ViewTouch.xib */; };
		FF6D44431C9ADAD200CC0660 /* GTMHttpFetcher.framework in Frameworks */ = {isa = PBXBuildFile; fileRef = FF6D44421C9ADAD200CC0660 /* GTMHttpFetcher.framework */; };
/* End PBXBuildFile section */

/* Begin PBXContainerItemProxy section */
		FF6D44101C9AD53E00CC0660 /* PBXContainerItemProxy */ = {
			isa = PBXContainerItemProxy;
			containerPortal = FF6D43FB1C9AD53E00CC0660 /* Project object */;
			proxyType = 1;
			remoteGlobalIDString = FF6D44031C9AD53E00CC0660;
			remoteInfo = GTMOAuth2;
		};
/* End PBXContainerItemProxy section */

/* Begin PBXFileReference section */
		FF6D44041C9AD53E00CC0660 /* GTMOAuth2.framework */ = {isa = PBXFileReference; explicitFileType = wrapper.framework; includeInIndex = 0; path = GTMOAuth2.framework; sourceTree = BUILT_PRODUCTS_DIR; };
		FF6D44071C9AD53E00CC0660 /* GTMOAuth2.h */ = {isa = PBXFileReference; lastKnownFileType = sourcecode.c.h; path = GTMOAuth2.h; sourceTree = "<group>"; };
		FF6D44091C9AD53E00CC0660 /* Info.plist */ = {isa = PBXFileReference; lastKnownFileType = text.plist.xml; path = Info.plist; sourceTree = "<group>"; };
		FF6D440E1C9AD53E00CC0660 /* GTMOAuth2Tests.xctest */ = {isa = PBXFileReference; explicitFileType = wrapper.cfbundle; includeInIndex = 0; path = GTMOAuth2Tests.xctest; sourceTree = BUILT_PRODUCTS_DIR; };
		FF6D44131C9AD53E00CC0660 /* GTMOAuth2Tests.m */ = {isa = PBXFileReference; lastKnownFileType = sourcecode.c.objc; path = GTMOAuth2Tests.m; sourceTree = "<group>"; };
		FF6D44151C9AD53E00CC0660 /* Info.plist */ = {isa = PBXFileReference; lastKnownFileType = text.plist.xml; path = Info.plist; sourceTree = "<group>"; };
		FF6D44221C9AD8ED00CC0660 /* GTMOAuth2Authentication.h */ = {isa = PBXFileReference; fileEncoding = 4; lastKnownFileType = sourcecode.c.h; path = GTMOAuth2Authentication.h; sourceTree = "<group>"; };
		FF6D44231C9AD8ED00CC0660 /* GTMOAuth2Authentication.m */ = {isa = PBXFileReference; fileEncoding = 4; lastKnownFileType = sourcecode.c.objc; path = GTMOAuth2Authentication.m; sourceTree = "<group>"; };
		FF6D44241C9AD8ED00CC0660 /* GTMOAuth2SignIn.h */ = {isa = PBXFileReference; fileEncoding = 4; lastKnownFileType = sourcecode.c.h; path = GTMOAuth2SignIn.h; sourceTree = "<group>"; };
		FF6D44251C9AD8ED00CC0660 /* GTMOAuth2SignIn.m */ = {isa = PBXFileReference; fileEncoding = 4; lastKnownFileType = sourcecode.c.objc; path = GTMOAuth2SignIn.m; sourceTree = "<group>"; };
		FF6D442C1C9AD8ED00CC0660 /* GTMOAuth2ViewControllerTouch.h */ = {isa = PBXFileReference; fileEncoding = 4; lastKnownFileType = sourcecode.c.h; path = GTMOAuth2ViewControllerTouch.h; sourceTree = "<group>"; };
		FF6D442D1C9AD8ED00CC0660 /* GTMOAuth2ViewControllerTouch.m */ = {isa = PBXFileReference; fileEncoding = 4; lastKnownFileType = sourcecode.c.objc; path = GTMOAuth2ViewControllerTouch.m; sourceTree = "<group>"; };
		FF6D442E1C9AD8ED00CC0660 /* GTMOAuth2ViewTouch.xib */ = {isa = PBXFileReference; fileEncoding = 4; lastKnownFileType = file.xib; path = GTMOAuth2ViewTouch.xib; sourceTree = "<group>"; };
		FF6D44421C9ADAD200CC0660 /* GTMHttpFetcher.framework */ = {isa = PBXFileReference; lastKnownFileType = wrapper.framework; name = GTMHttpFetcher.framework; path = "../../../Library/Developer/Xcode/DerivedData/GTMHttpFetcher-cbjyrahqoyacgwfttfbrvoszssez/Build/Products/Debug-iphonesimulator/GTMHttpFetcher.framework"; sourceTree = "<group>"; };
/* End PBXFileReference section */

/* Begin PBXFrameworksBuildPhase section */
		FF6D44001C9AD53E00CC0660 /* Frameworks */ = {
			isa = PBXFrameworksBuildPhase;
			buildActionMask = 2147483647;
			files = (
				FF6D44431C9ADAD200CC0660 /* GTMHttpFetcher.framework in Frameworks */,
			);
			runOnlyForDeploymentPostprocessing = 0;
		};
		FF6D440B1C9AD53E00CC0660 /* Frameworks */ = {
			isa = PBXFrameworksBuildPhase;
			buildActionMask = 2147483647;
			files = (
				FF6D440F1C9AD53E00CC0660 /* GTMOAuth2.framework in Frameworks */,
			);
			runOnlyForDeploymentPostprocessing = 0;
		};
/* End PBXFrameworksBuildPhase section */

/* Begin PBXGroup section */
		FF6D43FA1C9AD53E00CC0660 = {
			isa = PBXGroup;
			children = (
				FF6D44421C9ADAD200CC0660 /* GTMHttpFetcher.framework */,
				FF6D441E1C9AD8ED00CC0660 /* Source */,
				FF6D44061C9AD53E00CC0660 /* GTMOAuth2 */,
				FF6D44121C9AD53E00CC0660 /* GTMOAuth2Tests */,
				FF6D44051C9AD53E00CC0660 /* Products */,
			);
			sourceTree = "<group>";
		};
		FF6D44051C9AD53E00CC0660 /* Products */ = {
			isa = PBXGroup;
			children = (
				FF6D44041C9AD53E00CC0660 /* GTMOAuth2.framework */,
				FF6D440E1C9AD53E00CC0660 /* GTMOAuth2Tests.xctest */,
			);
			name = Products;
			sourceTree = "<group>";
		};
		FF6D44061C9AD53E00CC0660 /* GTMOAuth2 */ = {
			isa = PBXGroup;
			children = (
				FF6D44071C9AD53E00CC0660 /* GTMOAuth2.h */,
				FF6D44091C9AD53E00CC0660 /* Info.plist */,
			);
			path = GTMOAuth2;
			sourceTree = "<group>";
		};
		FF6D44121C9AD53E00CC0660 /* GTMOAuth2Tests */ = {
			isa = PBXGroup;
			children = (
				FF6D44131C9AD53E00CC0660 /* GTMOAuth2Tests.m */,
				FF6D44151C9AD53E00CC0660 /* Info.plist */,
			);
			path = GTMOAuth2Tests;
			sourceTree = "<group>";
		};
		FF6D441E1C9AD8ED00CC0660 /* Source */ = {
			isa = PBXGroup;
			children = (
				FF6D44221C9AD8ED00CC0660 /* GTMOAuth2Authentication.h */,
				FF6D44231C9AD8ED00CC0660 /* GTMOAuth2Authentication.m */,
				FF6D44241C9AD8ED00CC0660 /* GTMOAuth2SignIn.h */,
				FF6D44251C9AD8ED00CC0660 /* GTMOAuth2SignIn.m */,
				FF6D442B1C9AD8ED00CC0660 /* Touch */,
			);
			path = Source;
			sourceTree = "<group>";
		};
		FF6D442B1C9AD8ED00CC0660 /* Touch */ = {
			isa = PBXGroup;
			children = (
				FF6D442C1C9AD8ED00CC0660 /* GTMOAuth2ViewControllerTouch.h */,
				FF6D442D1C9AD8ED00CC0660 /* GTMOAuth2ViewControllerTouch.m */,
				FF6D442E1C9AD8ED00CC0660 /* GTMOAuth2ViewTouch.xib */,
			);
			path = Touch;
			sourceTree = "<group>";
		};
/* End PBXGroup section */

/* Begin PBXHeadersBuildPhase section */
		FF6D44011C9AD53E00CC0660 /* Headers */ = {
			isa = PBXHeadersBuildPhase;
			buildActionMask = 2147483647;
			files = (
				FF6D442F1C9AD8ED00CC0660 /* GTMOAuth2Authentication.h in Headers */,
				FF6D44311C9AD8ED00CC0660 /* GTMOAuth2SignIn.h in Headers */,
				FF6D44081C9AD53E00CC0660 /* GTMOAuth2.h in Headers */,
				FF6D44371C9AD8ED00CC0660 /* GTMOAuth2ViewControllerTouch.h in Headers */,
			);
			runOnlyForDeploymentPostprocessing = 0;
		};
/* End PBXHeadersBuildPhase section */

/* Begin PBXNativeTarget section */
		FF6D44031C9AD53E00CC0660 /* GTMOAuth2 */ = {
			isa = PBXNativeTarget;
			buildConfigurationList = FF6D44181C9AD53E00CC0660 /* Build configuration list for PBXNativeTarget "GTMOAuth2" */;
			buildPhases = (
				FF6D43FF1C9AD53E00CC0660 /* Sources */,
				FF6D44001C9AD53E00CC0660 /* Frameworks */,
				FF6D44011C9AD53E00CC0660 /* Headers */,
				FF6D44021C9AD53E00CC0660 /* Resources */,
			);
			buildRules = (
			);
			dependencies = (
			);
			name = GTMOAuth2;
			productName = GTMOAuth2;
			productReference = FF6D44041C9AD53E00CC0660 /* GTMOAuth2.framework */;
			productType = "com.apple.product-type.framework";
		};
		FF6D440D1C9AD53E00CC0660 /* GTMOAuth2Tests */ = {
			isa = PBXNativeTarget;
			buildConfigurationList = FF6D441B1C9AD53E00CC0660 /* Build configuration list for PBXNativeTarget "GTMOAuth2Tests" */;
			buildPhases = (
				FF6D440A1C9AD53E00CC0660 /* Sources */,
				FF6D440B1C9AD53E00CC0660 /* Frameworks */,
				FF6D440C1C9AD53E00CC0660 /* Resources */,
			);
			buildRules = (
			);
			dependencies = (
				FF6D44111C9AD53E00CC0660 /* PBXTargetDependency */,
			);
			name = GTMOAuth2Tests;
			productName = GTMOAuth2Tests;
			productReference = FF6D440E1C9AD53E00CC0660 /* GTMOAuth2Tests.xctest */;
			productType = "com.apple.product-type.bundle.unit-test";
		};
/* End PBXNativeTarget section */

/* Begin PBXProject section */
		FF6D43FB1C9AD53E00CC0660 /* Project object */ = {
			isa = PBXProject;
			attributes = {
				LastUpgradeCheck = 0720;
				ORGANIZATIONNAME = "Microgadget,inc.";
				TargetAttributes = {
					FF6D44031C9AD53E00CC0660 = {
						CreatedOnToolsVersion = 7.2.1;
					};
					FF6D440D1C9AD53E00CC0660 = {
						CreatedOnToolsVersion = 7.2.1;
					};
				};
			};
			buildConfigurationList = FF6D43FE1C9AD53E00CC0660 /* Build configuration list for PBXProject "GTMOAuth2" */;
			compatibilityVersion = "Xcode 3.2";
			developmentRegion = English;
			hasScannedForEncodings = 0;
			knownRegions = (
				en,
			);
			mainGroup = FF6D43FA1C9AD53E00CC0660;
			productRefGroup = FF6D44051C9AD53E00CC0660 /* Products */;
			projectDirPath = "";
			projectRoot = "";
			targets = (
				FF6D44031C9AD53E00CC0660 /* GTMOAuth2 */,
				FF6D440D1C9AD53E00CC0660 /* GTMOAuth2Tests */,
			);
		};
/* End PBXProject section */

/* Begin PBXResourcesBuildPhase section */
		FF6D44021C9AD53E00CC0660 /* Resources */ = {
			isa = PBXResourcesBuildPhase;
			buildActionMask = 2147483647;
			files = (
				FF6D44391C9AD8ED00CC0660 /* GTMOAuth2ViewTouch.xib in Resources */,
			);
			runOnlyForDeploymentPostprocessing = 0;
		};
		FF6D440C1C9AD53E00CC0660 /* Resources */ = {
			isa = PBXResourcesBuildPhase;
			buildActionMask = 2147483647;
			files = (
			);
			runOnlyForDeploymentPostprocessing = 0;
		};
/* End PBXResourcesBuildPhase section */

/* Begin PBXSourcesBuildPhase section */
		FF6D43FF1C9AD53E00CC0660 /* Sources */ = {
			isa = PBXSourcesBuildPhase;
			buildActionMask = 2147483647;
			files = (
				FF6D44301C9AD8ED00CC0660 /* GTMOAuth2Authentication.m in Sources */,
				FF6D44321C9AD8ED00CC0660 /* GTMOAuth2SignIn.m in Sources */,
				FF6D44381C9AD8ED00CC0660 /* GTMOAuth2ViewControllerTouch.m in Sources */,
			);
			runOnlyForDeploymentPostprocessing = 0;
		};
		FF6D440A1C9AD53E00CC0660 /* Sources */ = {
			isa = PBXSourcesBuildPhase;
			buildActionMask = 2147483647;
			files = (
				FF6D44141C9AD53E00CC0660 /* GTMOAuth2Tests.m in Sources */,
			);
			runOnlyForDeploymentPostprocessing = 0;
		};
/* End PBXSourcesBuildPhase section */

/* Begin PBXTargetDependency section */
		FF6D44111C9AD53E00CC0660 /* PBXTargetDependency */ = {
			isa = PBXTargetDependency;
			target = FF6D44031C9AD53E00CC0660 /* GTMOAuth2 */;
			targetProxy = FF6D44101C9AD53E00CC0660 /* PBXContainerItemProxy */;
		};
/* End PBXTargetDependency section */

/* Begin XCBuildConfiguration section */
		FF6D44161C9AD53E00CC0660 /* Debug */ = {
			isa = XCBuildConfiguration;
			buildSettings = {
				ALWAYS_SEARCH_USER_PATHS = NO;
				CLANG_CXX_LANGUAGE_STANDARD = "gnu++0x";
				CLANG_CXX_LIBRARY = "libc++";
				CLANG_ENABLE_MODULES = YES;
				CLANG_ENABLE_OBJC_ARC = NO;
				CLANG_WARN_BOOL_CONVERSION = YES;
				CLANG_WARN_CONSTANT_CONVERSION = YES;
				CLANG_WARN_DIRECT_OBJC_ISA_USAGE = YES_ERROR;
				CLANG_WARN_EMPTY_BODY = YES;
				CLANG_WARN_ENUM_CONVERSION = YES;
				CLANG_WARN_INT_CONVERSION = YES;
				CLANG_WARN_OBJC_ROOT_CLASS = YES_ERROR;
				CLANG_WARN_UNREACHABLE_CODE = YES;
				CLANG_WARN__DUPLICATE_METHOD_MATCH = YES;
				"CODE_SIGN_IDENTITY[sdk=iphoneos*]" = "iPhone Developer";
				COPY_PHASE_STRIP = NO;
				CURRENT_PROJECT_VERSION = 1;
				DEBUG_INFORMATION_FORMAT = dwarf;
				ENABLE_STRICT_OBJC_MSGSEND = YES;
				ENABLE_TESTABILITY = YES;
				FRAMEWORK_SEARCH_PATHS = "../../../Library/Developer/Xcode/DerivedData/GTMHttpFetcher-cbjyrahqoyacgwfttfbrvoszssez/Build/Products/Debug-iphonesimulator";
				GCC_C_LANGUAGE_STANDARD = gnu99;
				GCC_DYNAMIC_NO_PIC = NO;
				GCC_NO_COMMON_BLOCKS = YES;
				GCC_OPTIMIZATION_LEVEL = 0;
				GCC_PREPROCESSOR_DEFINITIONS = (
					"DEBUG=1",
					"$(inherited)",
					"GTM_USE_SESSION_FETCHER=0",
					"GTM_OAUTH2_USE_FRAMEWORK_IMPORTS=1",
				);
				GCC_WARN_64_TO_32_BIT_CONVERSION = YES;
				GCC_WARN_ABOUT_RETURN_TYPE = YES_ERROR;
				GCC_WARN_UNDECLARED_SELECTOR = YES;
				GCC_WARN_UNINITIALIZED_AUTOS = YES_AGGRESSIVE;
				GCC_WARN_UNUSED_FUNCTION = YES;
				GCC_WARN_UNUSED_VARIABLE = YES;
				IPHONEOS_DEPLOYMENT_TARGET = 9.2;
				MTL_ENABLE_DEBUG_INFO = YES;
				ONLY_ACTIVE_ARCH = YES;
				SDKROOT = iphoneos;
				TARGETED_DEVICE_FAMILY = "1,2";
				VERSIONING_SYSTEM = "apple-generic";
				VERSION_INFO_PREFIX = "";
			};
			name = Debug;
		};
		FF6D44171C9AD53E00CC0660 /* Release */ = {
			isa = XCBuildConfiguration;
			buildSettings = {
				ALWAYS_SEARCH_USER_PATHS = NO;
				CLANG_CXX_LANGUAGE_STANDARD = "gnu++0x";
				CLANG_CXX_LIBRARY = "libc++";
				CLANG_ENABLE_MODULES = YES;
				CLANG_ENABLE_OBJC_ARC = NO;
				CLANG_WARN_BOOL_CONVERSION = YES;
				CLANG_WARN_CONSTANT_CONVERSION = YES;
				CLANG_WARN_DIRECT_OBJC_ISA_USAGE = YES_ERROR;
				CLANG_WARN_EMPTY_BODY = YES;
				CLANG_WARN_ENUM_CONVERSION = YES;
				CLANG_WARN_INT_CONVERSION = YES;
				CLANG_WARN_OBJC_ROOT_CLASS = YES_ERROR;
				CLANG_WARN_UNREACHABLE_CODE = YES;
				CLANG_WARN__DUPLICATE_METHOD_MATCH = YES;
				"CODE_SIGN_IDENTITY[sdk=iphoneos*]" = "iPhone Developer";
				COPY_PHASE_STRIP = NO;
				CURRENT_PROJECT_VERSION = 1;
				DEBUG_INFORMATION_FORMAT = "dwarf-with-dsym";
				ENABLE_NS_ASSERTIONS = NO;
				ENABLE_STRICT_OBJC_MSGSEND = YES;
				FRAMEWORK_SEARCH_PATHS = "../../../Library/Developer/Xcode/DerivedData/GTMHttpFetcher-cbjyrahqoyacgwfttfbrvoszssez/Build/Products/Debug-iphonesimulator";
				GCC_C_LANGUAGE_STANDARD = gnu99;
				GCC_NO_COMMON_BLOCKS = YES;
				GCC_PREPROCESSOR_DEFINITIONS = (
					"GTM_USE_SESSION_FETCHER=0",
					"GTM_OAUTH2_USE_FRAMEWORK_IMPORTS=1",
				);
				GCC_WARN_64_TO_32_BIT_CONVERSION = YES;
				GCC_WARN_ABOUT_RETURN_TYPE = YES_ERROR;
				GCC_WARN_UNDECLARED_SELECTOR = YES;
				GCC_WARN_UNINITIALIZED_AUTOS = YES_AGGRESSIVE;
				GCC_WARN_UNUSED_FUNCTION = YES;
				GCC_WARN_UNUSED_VARIABLE = YES;
				IPHONEOS_DEPLOYMENT_TARGET = 9.2;
				MTL_ENABLE_DEBUG_INFO = NO;
				SDKROOT = iphoneos;
				TARGETED_DEVICE_FAMILY = "1,2";
				VALIDATE_PRODUCT = YES;
				VERSIONING_SYSTEM = "apple-generic";
				VERSION_INFO_PREFIX = "";
			};
			name = Release;
		};
		FF6D44191C9AD53E00CC0660 /* Debug */ = {
			isa = XCBuildConfiguration;
			buildSettings = {
				DEFINES_MODULE = YES;
				DYLIB_COMPATIBILITY_VERSION = 1;
				DYLIB_CURRENT_VERSION = 1;
				DYLIB_INSTALL_NAME_BASE = "@rpath";
				INFOPLIST_FILE = GTMOAuth2/Info.plist;
				INSTALL_PATH = "$(LOCAL_LIBRARY_DIR)/Frameworks";
				LD_RUNPATH_SEARCH_PATHS = "$(inherited) @executable_path/Frameworks @loader_path/Frameworks";
				PRODUCT_BUNDLE_IDENTIFIER = "com.microgadget-inc.GTMOAuth2";
				PRODUCT_NAME = "$(TARGET_NAME)";
				SKIP_INSTALL = YES;
			};
			name = Debug;
		};
		FF6D441A1C9AD53E00CC0660 /* Release */ = {
			isa = XCBuildConfiguration;
			buildSettings = {
				DEFINES_MODULE = YES;
				DYLIB_COMPATIBILITY_VERSION = 1;
				DYLIB_CURRENT_VERSION = 1;
				DYLIB_INSTALL_NAME_BASE = "@rpath";
				INFOPLIST_FILE = GTMOAuth2/Info.plist;
				INSTALL_PATH = "$(LOCAL_LIBRARY_DIR)/Frameworks";
				LD_RUNPATH_SEARCH_PATHS = "$(inherited) @executable_path/Frameworks @loader_path/Frameworks";
				PRODUCT_BUNDLE_IDENTIFIER = "com.microgadget-inc.GTMOAuth2";
				PRODUCT_NAME = "$(TARGET_NAME)";
				SKIP_INSTALL = YES;
			};
			name = Release;
		};
		FF6D441C1C9AD53E00CC0660 /* Debug */ = {
			isa = XCBuildConfiguration;
			buildSettings = {
				INFOPLIST_FILE = GTMOAuth2Tests/Info.plist;
				LD_RUNPATH_SEARCH_PATHS = "$(inherited) @executable_path/Frameworks @loader_path/Frameworks";
				PRODUCT_BUNDLE_IDENTIFIER = "com.microgadget-inc.GTMOAuth2Tests";
				PRODUCT_NAME = "$(TARGET_NAME)";
			};
			name = Debug;
		};
		FF6D441D1C9AD53E00CC0660 /* Release */ = {
			isa = XCBuildConfiguration;
			buildSettings = {
				INFOPLIST_FILE = GTMOAuth2Tests/Info.plist;
				LD_RUNPATH_SEARCH_PATHS = "$(inherited) @executable_path/Frameworks @loader_path/Frameworks";
				PRODUCT_BUNDLE_IDENTIFIER = "com.microgadget-inc.GTMOAuth2Tests";
				PRODUCT_NAME = "$(TARGET_NAME)";
			};
			name = Release;
		};
/* End XCBuildConfiguration section */

/* Begin XCConfigurationList section */
		FF6D43FE1C9AD53E00CC0660 /* Build configuration list for PBXProject "GTMOAuth2" */ = {
			isa = XCConfigurationList;
			buildConfigurations = (
				FF6D44161C9AD53E00CC0660 /* Debug */,
				FF6D44171C9AD53E00CC0660 /* Release */,
			);
			defaultConfigurationIsVisible = 0;
			defaultConfigurationName = Release;
		};
		FF6D44181C9AD53E00CC0660 /* Build configuration list for PBXNativeTarget "GTMOAuth2" */ = {
			isa = XCConfigurationList;
			buildConfigurations = (
				FF6D44191C9AD53E00CC0660 /* Debug */,
				FF6D441A1C9AD53E00CC0660 /* Release */,
			);
			defaultConfigurationIsVisible = 0;
			defaultConfigurationName = Release;
		};
		FF6D441B1C9AD53E00CC0660 /* Build configuration list for PBXNativeTarget "GTMOAuth2Tests" */ = {
			isa = XCConfigurationList;
			buildConfigurations = (
				FF6D441C1C9AD53E00CC0660 /* Debug */,
				FF6D441D1C9AD53E00CC0660 /* Release */,
			);
			defaultConfigurationIsVisible = 0;
			defaultConfigurationName = Release;
		};
/* End XCConfigurationList section */
	};
	rootObject = FF6D43FB1C9AD53E00CC0660 /* Project object */;
}
